{
    "version": 3,
    "terraform_version": "0.11.8",
    "serial": 3,
    "lineage": "2b3dc2ad-6e32-6e09-0059-bae29ece5c9f",
    "modules": [
        {
            "path": [
                "root"
            ],
            "outputs": {},
            "resources": {
                "azurerm_network_security_group.AllowHTTP": {
                    "type": "azurerm_network_security_group",
                    "depends_on": [
                        "azurerm_resource_group.nsgs"
                    ],
                    "primary": {
                        "id": "/subscriptions/225722ac-305d-48ad-97f9-f2f80132b535/resourceGroups/NSGs/providers/Microsoft.Network/networkSecurityGroups/AllowHTTP",
                        "attributes": {
                            "id": "/subscriptions/225722ac-305d-48ad-97f9-f2f80132b535/resourceGroups/NSGs/providers/Microsoft.Network/networkSecurityGroups/AllowHTTP",
                            "location": "westeurope",
                            "name": "AllowHTTP",
                            "resource_group_name": "NSGs",
                            "security_rule.#": "1",
                            "security_rule.159896067.access": "Allow",
                            "security_rule.159896067.description": "",
                            "security_rule.159896067.destination_address_prefix": "*",
                            "security_rule.159896067.destination_address_prefixes.#": "0",
                            "security_rule.159896067.destination_application_security_group_ids.#": "0",
                            "security_rule.159896067.destination_port_range": "80",
                            "security_rule.159896067.destination_port_ranges.#": "0",
                            "security_rule.159896067.direction": "Inbound",
                            "security_rule.159896067.name": "AllowHTTP",
                            "security_rule.159896067.priority": "1001",
                            "security_rule.159896067.protocol": "Tcp",
                            "security_rule.159896067.source_address_prefix": "*",
                            "security_rule.159896067.source_address_prefixes.#": "0",
                            "security_rule.159896067.source_application_security_group_ids.#": "0",
                            "security_rule.159896067.source_port_range": "*",
                            "security_rule.159896067.source_port_ranges.#": "0",
                            "tags.%": "2",
                            "tags.env": "training",
                            "tags.source": "citadel"
                        },
                        "meta": {},
                        "tainted": false
                    },
                    "deposed": [],
                    "provider": "provider.azurerm"
                },
                "azurerm_network_security_group.AllowHTTPS": {
                    "type": "azurerm_network_security_group",
                    "depends_on": [
                        "azurerm_resource_group.nsgs"
                    ],
                    "primary": {
                        "id": "/subscriptions/225722ac-305d-48ad-97f9-f2f80132b535/resourceGroups/NSGs/providers/Microsoft.Network/networkSecurityGroups/AllowHTTPS",
                        "attributes": {
                            "id": "/subscriptions/225722ac-305d-48ad-97f9-f2f80132b535/resourceGroups/NSGs/providers/Microsoft.Network/networkSecurityGroups/AllowHTTPS",
                            "location": "westeurope",
                            "name": "AllowHTTPS",
                            "resource_group_name": "NSGs",
                            "security_rule.#": "1",
                            "security_rule.2441365559.access": "Allow",
                            "security_rule.2441365559.description": "",
                            "security_rule.2441365559.destination_address_prefix": "*",
                            "security_rule.2441365559.destination_address_prefixes.#": "0",
                            "security_rule.2441365559.destination_application_security_group_ids.#": "0",
                            "security_rule.2441365559.destination_port_range": "443",
                            "security_rule.2441365559.destination_port_ranges.#": "0",
                            "security_rule.2441365559.direction": "Inbound",
                            "security_rule.2441365559.name": "AllowHTTPS",
                            "security_rule.2441365559.priority": "1001",
                            "security_rule.2441365559.protocol": "Tcp",
                            "security_rule.2441365559.source_address_prefix": "*",
                            "security_rule.2441365559.source_address_prefixes.#": "0",
                            "security_rule.2441365559.source_application_security_group_ids.#": "0",
                            "security_rule.2441365559.source_port_range": "*",
                            "security_rule.2441365559.source_port_ranges.#": "0",
                            "tags.%": "2",
                            "tags.env": "training",
                            "tags.source": "citadel"
                        },
                        "meta": {},
                        "tainted": false
                    },
                    "deposed": [],
                    "provider": "provider.azurerm"
                },
                "azurerm_network_security_group.AllowRDP": {
                    "type": "azurerm_network_security_group",
                    "depends_on": [
                        "azurerm_resource_group.nsgs"
                    ],
                    "primary": {
                        "id": "/subscriptions/225722ac-305d-48ad-97f9-f2f80132b535/resourceGroups/NSGs/providers/Microsoft.Network/networkSecurityGroups/AllowRDP",
                        "attributes": {
                            "id": "/subscriptions/225722ac-305d-48ad-97f9-f2f80132b535/resourceGroups/NSGs/providers/Microsoft.Network/networkSecurityGroups/AllowRDP",
                            "location": "westeurope",
                            "name": "AllowRDP",
                            "resource_group_name": "NSGs",
                            "security_rule.#": "0",
                            "tags.%": "2",
                            "tags.env": "training",
                            "tags.source": "citadel"
                        },
                        "meta": {},
                        "tainted": false
                    },
                    "deposed": [],
                    "provider": "provider.azurerm"
                },
                "azurerm_network_security_group.AllowSQLServer": {
                    "type": "azurerm_network_security_group",
                    "depends_on": [
                        "azurerm_resource_group.nsgs"
                    ],
                    "primary": {
                        "id": "/subscriptions/225722ac-305d-48ad-97f9-f2f80132b535/resourceGroups/NSGs/providers/Microsoft.Network/networkSecurityGroups/AllowSQLServer",
                        "attributes": {
                            "id": "/subscriptions/225722ac-305d-48ad-97f9-f2f80132b535/resourceGroups/NSGs/providers/Microsoft.Network/networkSecurityGroups/AllowSQLServer",
                            "location": "westeurope",
                            "name": "AllowSQLServer",
                            "resource_group_name": "NSGs",
                            "security_rule.#": "0",
                            "tags.%": "2",
                            "tags.env": "training",
                            "tags.source": "citadel"
                        },
                        "meta": {},
                        "tainted": false
                    },
                    "deposed": [],
                    "provider": "provider.azurerm"
                },
                "azurerm_network_security_group.AllowSSH": {
                    "type": "azurerm_network_security_group",
                    "depends_on": [
                        "azurerm_resource_group.nsgs"
                    ],
                    "primary": {
                        "id": "/subscriptions/225722ac-305d-48ad-97f9-f2f80132b535/resourceGroups/NSGs/providers/Microsoft.Network/networkSecurityGroups/AllowSSH",
                        "attributes": {
                            "id": "/subscriptions/225722ac-305d-48ad-97f9-f2f80132b535/resourceGroups/NSGs/providers/Microsoft.Network/networkSecurityGroups/AllowSSH",
                            "location": "westeurope",
                            "name": "AllowSSH",
                            "resource_group_name": "NSGs",
                            "security_rule.#": "1",
                            "security_rule.1790791437.access": "Allow",
                            "security_rule.1790791437.description": "",
                            "security_rule.1790791437.destination_address_prefix": "*",
                            "security_rule.1790791437.destination_address_prefixes.#": "0",
                            "security_rule.1790791437.destination_application_security_group_ids.#": "0",
                            "security_rule.1790791437.destination_port_range": "22",
                            "security_rule.1790791437.destination_port_ranges.#": "0",
                            "security_rule.1790791437.direction": "Inbound",
                            "security_rule.1790791437.name": "AllowSSH",
                            "security_rule.1790791437.priority": "1001",
                            "security_rule.1790791437.protocol": "Tcp",
                            "security_rule.1790791437.source_address_prefix": "*",
                            "security_rule.1790791437.source_address_prefixes.#": "0",
                            "security_rule.1790791437.source_application_security_group_ids.#": "0",
                            "security_rule.1790791437.source_port_range": "*",
                            "security_rule.1790791437.source_port_ranges.#": "0",
                            "tags.%": "2",
                            "tags.env": "training",
                            "tags.source": "citadel"
                        },
                        "meta": {},
                        "tainted": false
                    },
                    "deposed": [],
                    "provider": "provider.azurerm"
                },
                "azurerm_network_security_rule.AllowHTTP": {
                    "type": "azurerm_network_security_rule",
                    "depends_on": [
                        "azurerm_network_security_group.AllowHTTP",
                        "azurerm_resource_group.nsgs"
                    ],
                    "primary": {
                        "id": "/subscriptions/225722ac-305d-48ad-97f9-f2f80132b535/resourceGroups/NSGs/providers/Microsoft.Network/networkSecurityGroups/AllowHTTP/securityRules/AllowHTTP",
                        "attributes": {
                            "access": "Allow",
                            "description": "",
                            "destination_address_prefix": "*",
                            "destination_address_prefixes.#": "0",
                            "destination_port_range": "80",
                            "destination_port_ranges.#": "0",
                            "direction": "Inbound",
                            "id": "/subscriptions/225722ac-305d-48ad-97f9-f2f80132b535/resourceGroups/NSGs/providers/Microsoft.Network/networkSecurityGroups/AllowHTTP/securityRules/AllowHTTP",
                            "name": "AllowHTTP",
                            "network_security_group_name": "AllowHTTP",
                            "priority": "1001",
                            "protocol": "Tcp",
                            "resource_group_name": "NSGs",
                            "source_address_prefix": "*",
                            "source_address_prefixes.#": "0",
                            "source_port_range": "*",
                            "source_port_ranges.#": "0"
                        },
                        "meta": {},
                        "tainted": false
                    },
                    "deposed": [],
                    "provider": "provider.azurerm"
                },
                "azurerm_network_security_rule.AllowHTTPS": {
                    "type": "azurerm_network_security_rule",
                    "depends_on": [
                        "azurerm_network_security_group.AllowHTTPS",
                        "azurerm_resource_group.nsgs"
                    ],
                    "primary": {
                        "id": "/subscriptions/225722ac-305d-48ad-97f9-f2f80132b535/resourceGroups/NSGs/providers/Microsoft.Network/networkSecurityGroups/AllowHTTPS/securityRules/AllowHTTPS",
                        "attributes": {
                            "access": "Allow",
                            "description": "",
                            "destination_address_prefix": "*",
                            "destination_address_prefixes.#": "0",
                            "destination_port_range": "443",
                            "destination_port_ranges.#": "0",
                            "direction": "Inbound",
                            "id": "/subscriptions/225722ac-305d-48ad-97f9-f2f80132b535/resourceGroups/NSGs/providers/Microsoft.Network/networkSecurityGroups/AllowHTTPS/securityRules/AllowHTTPS",
                            "name": "AllowHTTPS",
                            "network_security_group_name": "AllowHTTPS",
                            "priority": "1001",
                            "protocol": "Tcp",
                            "resource_group_name": "NSGs",
                            "source_address_prefix": "*",
                            "source_address_prefixes.#": "0",
                            "source_port_range": "*",
                            "source_port_ranges.#": "0"
                        },
                        "meta": {},
                        "tainted": false
                    },
                    "deposed": [],
                    "provider": "provider.azurerm"
                },
                "azurerm_network_security_rule.AllowSSH": {
                    "type": "azurerm_network_security_rule",
                    "depends_on": [
                        "azurerm_network_security_group.AllowSSH",
                        "azurerm_resource_group.nsgs"
                    ],
                    "primary": {
                        "id": "/subscriptions/225722ac-305d-48ad-97f9-f2f80132b535/resourceGroups/NSGs/providers/Microsoft.Network/networkSecurityGroups/AllowSSH/securityRules/AllowSSH",
                        "attributes": {
                            "access": "Allow",
                            "description": "",
                            "destination_address_prefix": "*",
                            "destination_address_prefixes.#": "0",
                            "destination_port_range": "22",
                            "destination_port_ranges.#": "0",
                            "direction": "Inbound",
                            "id": "/subscriptions/225722ac-305d-48ad-97f9-f2f80132b535/resourceGroups/NSGs/providers/Microsoft.Network/networkSecurityGroups/AllowSSH/securityRules/AllowSSH",
                            "name": "AllowSSH",
                            "network_security_group_name": "AllowSSH",
                            "priority": "1001",
                            "protocol": "Tcp",
                            "resource_group_name": "NSGs",
                            "source_address_prefix": "*",
                            "source_address_prefixes.#": "0",
                            "source_port_range": "*",
                            "source_port_ranges.#": "0"
                        },
                        "meta": {},
                        "tainted": false
                    },
                    "deposed": [],
                    "provider": "provider.azurerm"
                },
                "azurerm_resource_group.nsgs": {
                    "type": "azurerm_resource_group",
                    "depends_on": [],
                    "primary": {
                        "id": "/subscriptions/225722ac-305d-48ad-97f9-f2f80132b535/resourceGroups/NSGs",
                        "attributes": {
                            "id": "/subscriptions/225722ac-305d-48ad-97f9-f2f80132b535/resourceGroups/NSGs",
                            "location": "westeurope",
                            "name": "NSGs",
                            "tags.%": "2",
                            "tags.env": "training",
                            "tags.source": "citadel"
                        },
                        "meta": {},
                        "tainted": false
                    },
                    "deposed": [],
                    "provider": "provider.azurerm"
                }
            },
            "depends_on": []
        }
    ]
}
